
Microsoft Visual Studio Solution File, Format Version 12.00
# Visual Studio 15
VisualStudioVersion = 15.0.28307.168
MinimumVisualStudioVersion = 10.0.40219.1
Project("{FAE04EC0-301F-11D3-BF4B-00C04F79EFBC}") = "TaskList.Integration", "TaskList.Integration\TaskList.Integration.csproj", "{FAD7573E-BF3D-4F45-931C-2DFAED21768E}"
EndProject
Global
	GlobalSection(SolutionConfigurationPlatforms) = preSolution
		Debug|Any CPU = Debug|Any CPU
		Release|Any CPU = Release|Any CPU
	EndGlobalSection
	GlobalSection(ProjectConfigurationPlatforms) = postSolution
		{FAD7573E-BF3D-4F45-931C-2DFAED21768E}.Debug|Any CPU.ActiveCfg = Debug|Any CPU
		{FAD7573E-BF3D-4F45-931C-2DFAED21768E}.Debug|Any CPU.Build.0 = Debug|Any CPU
		{FAD7573E-BF3D-4F45-931C-2DFAED21768E}.Release|Any CPU.ActiveCfg = Release|Any CPU
		{FAD7573E-BF3D-4F45-931C-2DFAED21768E}.Release|Any CPU.Build.0 = Release|Any CPU
	EndGlobalSection
	GlobalSection(SolutionProperties) = preSolution
		HideSolutionNode = FALSE
	EndGlobalSection
	GlobalSection(ExtensibilityGlobals) = postSolution
		SolutionGuid = {C4B3AD91-29C9-405A-93C5-C9DFBCCF8313}
	EndGlobalSection
EndGlobal
