
Microsoft Visual Studio Solution File, Format Version 12.00
# Visual Studio 15
VisualStudioVersion = 15.0.27130.2024
MinimumVisualStudioVersion = 10.0.40219.1
Project("{FAE04EC0-301F-11D3-BF4B-00C04F79EFBC}") = "TaskList", "TaskList\TaskList.csproj", "{01065DF8-BA8C-41D5-B436-B249A5E1FAF2}"
EndProject
Project("{9A19103F-16F7-4668-BE54-9A1E7A4F7556}") = "TaskList.DataModel", "TaskList.DataModel\TaskList.DataModel.csproj", "{65FB1933-BDF1-49CE-9939-DBCF3F67BDD0}"
EndProject
Project("{9A19103F-16F7-4668-BE54-9A1E7A4F7556}") = "TaskList.Model", "TaskList.Model\TaskList.Model.csproj", "{EEF4B07D-5A8D-4CDD-8E74-015EAAB51AB5}"
EndProject
Project("{9A19103F-16F7-4668-BE54-9A1E7A4F7556}") = "TaskList.Data", "TaskList.Data\TaskList.Data.csproj", "{F6DFE006-184A-4964-BD94-4312A1E6BB71}"
EndProject
Project("{9A19103F-16F7-4668-BE54-9A1E7A4F7556}") = "TaskList.Interface", "TaskList.Interface\TaskList.Interface.csproj", "{A083E670-CABE-4953-9715-70DC484A78D5}"
EndProject
Project("{9A19103F-16F7-4668-BE54-9A1E7A4F7556}") = "TaskList.Service", "TaskList.Service\TaskList.Service.csproj", "{2C676250-4E89-47E7-A7A5-EFAA97999605}"
EndProject
Project("{9A19103F-16F7-4668-BE54-9A1E7A4F7556}") = "TaskList.ViewModel", "TaskList.ViewModel\TaskList.ViewModel.csproj", "{8416E375-2C96-42DA-872C-890F688E0C64}"
EndProject
Project("{9A19103F-16F7-4668-BE54-9A1E7A4F7556}") = "TaskList.View", "TaskList.View\TaskList.View\TaskList.View.csproj", "{C17898AD-A789-4D79-A25C-64F09FE6B8B1}"
EndProject
Project("{9A19103F-16F7-4668-BE54-9A1E7A4F7556}") = "TaskList.Integration", "TaskList.Integration\TaskList.Integration.csproj", "{E659AA04-4D74-4791-AA27-64268B0E7531}"
EndProject
Project("{FAE04EC0-301F-11D3-BF4B-00C04F79EFBC}") = "Control", "Control\Control.csproj", "{5B55C510-F9A4-4073-874D-CFD6805287CA}"
EndProject
Global
	GlobalSection(SolutionConfigurationPlatforms) = preSolution
		Debug|Any CPU = Debug|Any CPU
		Debug|ARM = Debug|ARM
		Debug|ARM64 = Debug|ARM64
		Debug|x64 = Debug|x64
		Debug|x86 = Debug|x86
		Release|Any CPU = Release|Any CPU
		Release|ARM = Release|ARM
		Release|ARM64 = Release|ARM64
		Release|x64 = Release|x64
		Release|x86 = Release|x86
	EndGlobalSection
	GlobalSection(ProjectConfigurationPlatforms) = postSolution
		{01065DF8-BA8C-41D5-B436-B249A5E1FAF2}.Debug|Any CPU.ActiveCfg = Debug|x86
		{01065DF8-BA8C-41D5-B436-B249A5E1FAF2}.Debug|ARM.ActiveCfg = Debug|x86
		{01065DF8-BA8C-41D5-B436-B249A5E1FAF2}.Debug|ARM.Build.0 = Debug|x86
		{01065DF8-BA8C-41D5-B436-B249A5E1FAF2}.Debug|ARM.Deploy.0 = Debug|x86
		{01065DF8-BA8C-41D5-B436-B249A5E1FAF2}.Debug|ARM64.ActiveCfg = Debug|ARM64
		{01065DF8-BA8C-41D5-B436-B249A5E1FAF2}.Debug|ARM64.Build.0 = Debug|ARM64
		{01065DF8-BA8C-41D5-B436-B249A5E1FAF2}.Debug|ARM64.Deploy.0 = Debug|ARM64
		{01065DF8-BA8C-41D5-B436-B249A5E1FAF2}.Debug|x64.ActiveCfg = Debug|x64
		{01065DF8-BA8C-41D5-B436-B249A5E1FAF2}.Debug|x64.Build.0 = Debug|x64
		{01065DF8-BA8C-41D5-B436-B249A5E1FAF2}.Debug|x64.Deploy.0 = Debug|x64
		{01065DF8-BA8C-41D5-B436-B249A5E1FAF2}.Debug|x86.ActiveCfg = Debug|x86
		{01065DF8-BA8C-41D5-B436-B249A5E1FAF2}.Debug|x86.Build.0 = Debug|x86
		{01065DF8-BA8C-41D5-B436-B249A5E1FAF2}.Debug|x86.Deploy.0 = Debug|x86
		{01065DF8-BA8C-41D5-B436-B249A5E1FAF2}.Release|Any CPU.ActiveCfg = Release|x86
		{01065DF8-BA8C-41D5-B436-B249A5E1FAF2}.Release|ARM.ActiveCfg = Release|ARM
		{01065DF8-BA8C-41D5-B436-B249A5E1FAF2}.Release|ARM.Build.0 = Release|ARM
		{01065DF8-BA8C-41D5-B436-B249A5E1FAF2}.Release|ARM.Deploy.0 = Release|ARM
		{01065DF8-BA8C-41D5-B436-B249A5E1FAF2}.Release|ARM64.ActiveCfg = Release|ARM64
		{01065DF8-BA8C-41D5-B436-B249A5E1FAF2}.Release|ARM64.Build.0 = Release|ARM64
		{01065DF8-BA8C-41D5-B436-B249A5E1FAF2}.Release|ARM64.Deploy.0 = Release|ARM64
		{01065DF8-BA8C-41D5-B436-B249A5E1FAF2}.Release|x64.ActiveCfg = Release|x64
		{01065DF8-BA8C-41D5-B436-B249A5E1FAF2}.Release|x64.Build.0 = Release|x64
		{01065DF8-BA8C-41D5-B436-B249A5E1FAF2}.Release|x64.Deploy.0 = Release|x64
		{01065DF8-BA8C-41D5-B436-B249A5E1FAF2}.Release|x86.ActiveCfg = Release|x86
		{01065DF8-BA8C-41D5-B436-B249A5E1FAF2}.Release|x86.Build.0 = Release|x86
		{01065DF8-BA8C-41D5-B436-B249A5E1FAF2}.Release|x86.Deploy.0 = Release|x86
		{65FB1933-BDF1-49CE-9939-DBCF3F67BDD0}.Debug|Any CPU.ActiveCfg = Debug|Any CPU
		{65FB1933-BDF1-49CE-9939-DBCF3F67BDD0}.Debug|Any CPU.Build.0 = Debug|Any CPU
		{65FB1933-BDF1-49CE-9939-DBCF3F67BDD0}.Debug|ARM.ActiveCfg = Debug|Any CPU
		{65FB1933-BDF1-49CE-9939-DBCF3F67BDD0}.Debug|ARM.Build.0 = Debug|Any CPU
		{65FB1933-BDF1-49CE-9939-DBCF3F67BDD0}.Debug|ARM64.ActiveCfg = Debug|Any CPU
		{65FB1933-BDF1-49CE-9939-DBCF3F67BDD0}.Debug|ARM64.Build.0 = Debug|Any CPU
		{65FB1933-BDF1-49CE-9939-DBCF3F67BDD0}.Debug|x64.ActiveCfg = Debug|Any CPU
		{65FB1933-BDF1-49CE-9939-DBCF3F67BDD0}.Debug|x64.Build.0 = Debug|Any CPU
		{65FB1933-BDF1-49CE-9939-DBCF3F67BDD0}.Debug|x86.ActiveCfg = Debug|Any CPU
		{65FB1933-BDF1-49CE-9939-DBCF3F67BDD0}.Debug|x86.Build.0 = Debug|Any CPU
		{65FB1933-BDF1-49CE-9939-DBCF3F67BDD0}.Release|Any CPU.ActiveCfg = Release|Any CPU
		{65FB1933-BDF1-49CE-9939-DBCF3F67BDD0}.Release|Any CPU.Build.0 = Release|Any CPU
		{65FB1933-BDF1-49CE-9939-DBCF3F67BDD0}.Release|ARM.ActiveCfg = Release|Any CPU
		{65FB1933-BDF1-49CE-9939-DBCF3F67BDD0}.Release|ARM.Build.0 = Release|Any CPU
		{65FB1933-BDF1-49CE-9939-DBCF3F67BDD0}.Release|ARM64.ActiveCfg = Release|Any CPU
		{65FB1933-BDF1-49CE-9939-DBCF3F67BDD0}.Release|ARM64.Build.0 = Release|Any CPU
		{65FB1933-BDF1-49CE-9939-DBCF3F67BDD0}.Release|x64.ActiveCfg = Release|Any CPU
		{65FB1933-BDF1-49CE-9939-DBCF3F67BDD0}.Release|x64.Build.0 = Release|Any CPU
		{65FB1933-BDF1-49CE-9939-DBCF3F67BDD0}.Release|x86.ActiveCfg = Release|Any CPU
		{65FB1933-BDF1-49CE-9939-DBCF3F67BDD0}.Release|x86.Build.0 = Release|Any CPU
		{EEF4B07D-5A8D-4CDD-8E74-015EAAB51AB5}.Debug|Any CPU.ActiveCfg = Debug|Any CPU
		{EEF4B07D-5A8D-4CDD-8E74-015EAAB51AB5}.Debug|Any CPU.Build.0 = Debug|Any CPU
		{EEF4B07D-5A8D-4CDD-8E74-015EAAB51AB5}.Debug|ARM.ActiveCfg = Debug|Any CPU
		{EEF4B07D-5A8D-4CDD-8E74-015EAAB51AB5}.Debug|ARM.Build.0 = Debug|Any CPU
		{EEF4B07D-5A8D-4CDD-8E74-015EAAB51AB5}.Debug|ARM64.ActiveCfg = Debug|Any CPU
		{EEF4B07D-5A8D-4CDD-8E74-015EAAB51AB5}.Debug|ARM64.Build.0 = Debug|Any CPU
		{EEF4B07D-5A8D-4CDD-8E74-015EAAB51AB5}.Debug|x64.ActiveCfg = Debug|Any CPU
		{EEF4B07D-5A8D-4CDD-8E74-015EAAB51AB5}.Debug|x64.Build.0 = Debug|Any CPU
		{EEF4B07D-5A8D-4CDD-8E74-015EAAB51AB5}.Debug|x86.ActiveCfg = Debug|Any CPU
		{EEF4B07D-5A8D-4CDD-8E74-015EAAB51AB5}.Debug|x86.Build.0 = Debug|Any CPU
		{EEF4B07D-5A8D-4CDD-8E74-015EAAB51AB5}.Release|Any CPU.ActiveCfg = Release|Any CPU
		{EEF4B07D-5A8D-4CDD-8E74-015EAAB51AB5}.Release|Any CPU.Build.0 = Release|Any CPU
		{EEF4B07D-5A8D-4CDD-8E74-015EAAB51AB5}.Release|ARM.ActiveCfg = Release|Any CPU
		{EEF4B07D-5A8D-4CDD-8E74-015EAAB51AB5}.Release|ARM.Build.0 = Release|Any CPU
		{EEF4B07D-5A8D-4CDD-8E74-015EAAB51AB5}.Release|ARM64.ActiveCfg = Release|Any CPU
		{EEF4B07D-5A8D-4CDD-8E74-015EAAB51AB5}.Release|ARM64.Build.0 = Release|Any CPU
		{EEF4B07D-5A8D-4CDD-8E74-015EAAB51AB5}.Release|x64.ActiveCfg = Release|Any CPU
		{EEF4B07D-5A8D-4CDD-8E74-015EAAB51AB5}.Release|x64.Build.0 = Release|Any CPU
		{EEF4B07D-5A8D-4CDD-8E74-015EAAB51AB5}.Release|x86.ActiveCfg = Release|Any CPU
		{EEF4B07D-5A8D-4CDD-8E74-015EAAB51AB5}.Release|x86.Build.0 = Release|Any CPU
		{F6DFE006-184A-4964-BD94-4312A1E6BB71}.Debug|Any CPU.ActiveCfg = Debug|Any CPU
		{F6DFE006-184A-4964-BD94-4312A1E6BB71}.Debug|Any CPU.Build.0 = Debug|Any CPU
		{F6DFE006-184A-4964-BD94-4312A1E6BB71}.Debug|ARM.ActiveCfg = Debug|Any CPU
		{F6DFE006-184A-4964-BD94-4312A1E6BB71}.Debug|ARM.Build.0 = Debug|Any CPU
		{F6DFE006-184A-4964-BD94-4312A1E6BB71}.Debug|ARM64.ActiveCfg = Debug|Any CPU
		{F6DFE006-184A-4964-BD94-4312A1E6BB71}.Debug|ARM64.Build.0 = Debug|Any CPU
		{F6DFE006-184A-4964-BD94-4312A1E6BB71}.Debug|x64.ActiveCfg = Debug|Any CPU
		{F6DFE006-184A-4964-BD94-4312A1E6BB71}.Debug|x64.Build.0 = Debug|Any CPU
		{F6DFE006-184A-4964-BD94-4312A1E6BB71}.Debug|x86.ActiveCfg = Debug|Any CPU
		{F6DFE006-184A-4964-BD94-4312A1E6BB71}.Debug|x86.Build.0 = Debug|Any CPU
		{F6DFE006-184A-4964-BD94-4312A1E6BB71}.Release|Any CPU.ActiveCfg = Release|Any CPU
		{F6DFE006-184A-4964-BD94-4312A1E6BB71}.Release|Any CPU.Build.0 = Release|Any CPU
		{F6DFE006-184A-4964-BD94-4312A1E6BB71}.Release|ARM.ActiveCfg = Release|Any CPU
		{F6DFE006-184A-4964-BD94-4312A1E6BB71}.Release|ARM.Build.0 = Release|Any CPU
		{F6DFE006-184A-4964-BD94-4312A1E6BB71}.Release|ARM64.ActiveCfg = Release|Any CPU
		{F6DFE006-184A-4964-BD94-4312A1E6BB71}.Release|ARM64.Build.0 = Release|Any CPU
		{F6DFE006-184A-4964-BD94-4312A1E6BB71}.Release|x64.ActiveCfg = Release|Any CPU
		{F6DFE006-184A-4964-BD94-4312A1E6BB71}.Release|x64.Build.0 = Release|Any CPU
		{F6DFE006-184A-4964-BD94-4312A1E6BB71}.Release|x86.ActiveCfg = Release|Any CPU
		{F6DFE006-184A-4964-BD94-4312A1E6BB71}.Release|x86.Build.0 = Release|Any CPU
		{A083E670-CABE-4953-9715-70DC484A78D5}.Debug|Any CPU.ActiveCfg = Debug|Any CPU
		{A083E670-CABE-4953-9715-70DC484A78D5}.Debug|Any CPU.Build.0 = Debug|Any CPU
		{A083E670-CABE-4953-9715-70DC484A78D5}.Debug|ARM.ActiveCfg = Debug|Any CPU
		{A083E670-CABE-4953-9715-70DC484A78D5}.Debug|ARM.Build.0 = Debug|Any CPU
		{A083E670-CABE-4953-9715-70DC484A78D5}.Debug|ARM64.ActiveCfg = Debug|Any CPU
		{A083E670-CABE-4953-9715-70DC484A78D5}.Debug|ARM64.Build.0 = Debug|Any CPU
		{A083E670-CABE-4953-9715-70DC484A78D5}.Debug|x64.ActiveCfg = Debug|Any CPU
		{A083E670-CABE-4953-9715-70DC484A78D5}.Debug|x64.Build.0 = Debug|Any CPU
		{A083E670-CABE-4953-9715-70DC484A78D5}.Debug|x86.ActiveCfg = Debug|Any CPU
		{A083E670-CABE-4953-9715-70DC484A78D5}.Debug|x86.Build.0 = Debug|Any CPU
		{A083E670-CABE-4953-9715-70DC484A78D5}.Release|Any CPU.ActiveCfg = Release|Any CPU
		{A083E670-CABE-4953-9715-70DC484A78D5}.Release|Any CPU.Build.0 = Release|Any CPU
		{A083E670-CABE-4953-9715-70DC484A78D5}.Release|ARM.ActiveCfg = Release|Any CPU
		{A083E670-CABE-4953-9715-70DC484A78D5}.Release|ARM.Build.0 = Release|Any CPU
		{A083E670-CABE-4953-9715-70DC484A78D5}.Release|ARM64.ActiveCfg = Release|Any CPU
		{A083E670-CABE-4953-9715-70DC484A78D5}.Release|ARM64.Build.0 = Release|Any CPU
		{A083E670-CABE-4953-9715-70DC484A78D5}.Release|x64.ActiveCfg = Release|Any CPU
		{A083E670-CABE-4953-9715-70DC484A78D5}.Release|x64.Build.0 = Release|Any CPU
		{A083E670-CABE-4953-9715-70DC484A78D5}.Release|x86.ActiveCfg = Release|Any CPU
		{A083E670-CABE-4953-9715-70DC484A78D5}.Release|x86.Build.0 = Release|Any CPU
		{2C676250-4E89-47E7-A7A5-EFAA97999605}.Debug|Any CPU.ActiveCfg = Debug|Any CPU
		{2C676250-4E89-47E7-A7A5-EFAA97999605}.Debug|Any CPU.Build.0 = Debug|Any CPU
		{2C676250-4E89-47E7-A7A5-EFAA97999605}.Debug|ARM.ActiveCfg = Debug|Any CPU
		{2C676250-4E89-47E7-A7A5-EFAA97999605}.Debug|ARM.Build.0 = Debug|Any CPU
		{2C676250-4E89-47E7-A7A5-EFAA97999605}.Debug|ARM64.ActiveCfg = Debug|Any CPU
		{2C676250-4E89-47E7-A7A5-EFAA97999605}.Debug|ARM64.Build.0 = Debug|Any CPU
		{2C676250-4E89-47E7-A7A5-EFAA97999605}.Debug|x64.ActiveCfg = Debug|Any CPU
		{2C676250-4E89-47E7-A7A5-EFAA97999605}.Debug|x64.Build.0 = Debug|Any CPU
		{2C676250-4E89-47E7-A7A5-EFAA97999605}.Debug|x86.ActiveCfg = Debug|Any CPU
		{2C676250-4E89-47E7-A7A5-EFAA97999605}.Debug|x86.Build.0 = Debug|Any CPU
		{2C676250-4E89-47E7-A7A5-EFAA97999605}.Release|Any CPU.ActiveCfg = Release|Any CPU
		{2C676250-4E89-47E7-A7A5-EFAA97999605}.Release|Any CPU.Build.0 = Release|Any CPU
		{2C676250-4E89-47E7-A7A5-EFAA97999605}.Release|ARM.ActiveCfg = Release|Any CPU
		{2C676250-4E89-47E7-A7A5-EFAA97999605}.Release|ARM.Build.0 = Release|Any CPU
		{2C676250-4E89-47E7-A7A5-EFAA97999605}.Release|ARM64.ActiveCfg = Release|Any CPU
		{2C676250-4E89-47E7-A7A5-EFAA97999605}.Release|ARM64.Build.0 = Release|Any CPU
		{2C676250-4E89-47E7-A7A5-EFAA97999605}.Release|x64.ActiveCfg = Release|Any CPU
		{2C676250-4E89-47E7-A7A5-EFAA97999605}.Release|x64.Build.0 = Release|Any CPU
		{2C676250-4E89-47E7-A7A5-EFAA97999605}.Release|x86.ActiveCfg = Release|Any CPU
		{2C676250-4E89-47E7-A7A5-EFAA97999605}.Release|x86.Build.0 = Release|Any CPU
		{8416E375-2C96-42DA-872C-890F688E0C64}.Debug|Any CPU.ActiveCfg = Debug|Any CPU
		{8416E375-2C96-42DA-872C-890F688E0C64}.Debug|Any CPU.Build.0 = Debug|Any CPU
		{8416E375-2C96-42DA-872C-890F688E0C64}.Debug|ARM.ActiveCfg = Debug|Any CPU
		{8416E375-2C96-42DA-872C-890F688E0C64}.Debug|ARM.Build.0 = Debug|Any CPU
		{8416E375-2C96-42DA-872C-890F688E0C64}.Debug|ARM64.ActiveCfg = Debug|Any CPU
		{8416E375-2C96-42DA-872C-890F688E0C64}.Debug|ARM64.Build.0 = Debug|Any CPU
		{8416E375-2C96-42DA-872C-890F688E0C64}.Debug|x64.ActiveCfg = Debug|Any CPU
		{8416E375-2C96-42DA-872C-890F688E0C64}.Debug|x64.Build.0 = Debug|Any CPU
		{8416E375-2C96-42DA-872C-890F688E0C64}.Debug|x86.ActiveCfg = Debug|Any CPU
		{8416E375-2C96-42DA-872C-890F688E0C64}.Debug|x86.Build.0 = Debug|Any CPU
		{8416E375-2C96-42DA-872C-890F688E0C64}.Release|Any CPU.ActiveCfg = Release|Any CPU
		{8416E375-2C96-42DA-872C-890F688E0C64}.Release|Any CPU.Build.0 = Release|Any CPU
		{8416E375-2C96-42DA-872C-890F688E0C64}.Release|ARM.ActiveCfg = Release|Any CPU
		{8416E375-2C96-42DA-872C-890F688E0C64}.Release|ARM.Build.0 = Release|Any CPU
		{8416E375-2C96-42DA-872C-890F688E0C64}.Release|ARM64.ActiveCfg = Release|Any CPU
		{8416E375-2C96-42DA-872C-890F688E0C64}.Release|ARM64.Build.0 = Release|Any CPU
		{8416E375-2C96-42DA-872C-890F688E0C64}.Release|x64.ActiveCfg = Release|Any CPU
		{8416E375-2C96-42DA-872C-890F688E0C64}.Release|x64.Build.0 = Release|Any CPU
		{8416E375-2C96-42DA-872C-890F688E0C64}.Release|x86.ActiveCfg = Release|Any CPU
		{8416E375-2C96-42DA-872C-890F688E0C64}.Release|x86.Build.0 = Release|Any CPU
		{C17898AD-A789-4D79-A25C-64F09FE6B8B1}.Debug|Any CPU.ActiveCfg = Debug|Any CPU
		{C17898AD-A789-4D79-A25C-64F09FE6B8B1}.Debug|Any CPU.Build.0 = Debug|Any CPU
		{C17898AD-A789-4D79-A25C-64F09FE6B8B1}.Debug|ARM.ActiveCfg = Debug|Any CPU
		{C17898AD-A789-4D79-A25C-64F09FE6B8B1}.Debug|ARM.Build.0 = Debug|Any CPU
		{C17898AD-A789-4D79-A25C-64F09FE6B8B1}.Debug|ARM64.ActiveCfg = Debug|Any CPU
		{C17898AD-A789-4D79-A25C-64F09FE6B8B1}.Debug|ARM64.Build.0 = Debug|Any CPU
		{C17898AD-A789-4D79-A25C-64F09FE6B8B1}.Debug|x64.ActiveCfg = Debug|Any CPU
		{C17898AD-A789-4D79-A25C-64F09FE6B8B1}.Debug|x64.Build.0 = Debug|Any CPU
		{C17898AD-A789-4D79-A25C-64F09FE6B8B1}.Debug|x86.ActiveCfg = Debug|Any CPU
		{C17898AD-A789-4D79-A25C-64F09FE6B8B1}.Debug|x86.Build.0 = Debug|Any CPU
		{C17898AD-A789-4D79-A25C-64F09FE6B8B1}.Release|Any CPU.ActiveCfg = Release|Any CPU
		{C17898AD-A789-4D79-A25C-64F09FE6B8B1}.Release|Any CPU.Build.0 = Release|Any CPU
		{C17898AD-A789-4D79-A25C-64F09FE6B8B1}.Release|ARM.ActiveCfg = Release|Any CPU
		{C17898AD-A789-4D79-A25C-64F09FE6B8B1}.Release|ARM.Build.0 = Release|Any CPU
		{C17898AD-A789-4D79-A25C-64F09FE6B8B1}.Release|ARM64.ActiveCfg = Release|Any CPU
		{C17898AD-A789-4D79-A25C-64F09FE6B8B1}.Release|ARM64.Build.0 = Release|Any CPU
		{C17898AD-A789-4D79-A25C-64F09FE6B8B1}.Release|x64.ActiveCfg = Release|Any CPU
		{C17898AD-A789-4D79-A25C-64F09FE6B8B1}.Release|x64.Build.0 = Release|Any CPU
		{C17898AD-A789-4D79-A25C-64F09FE6B8B1}.Release|x86.ActiveCfg = Release|Any CPU
		{C17898AD-A789-4D79-A25C-64F09FE6B8B1}.Release|x86.Build.0 = Release|Any CPU
		{E659AA04-4D74-4791-AA27-64268B0E7531}.Debug|Any CPU.ActiveCfg = Debug|Any CPU
		{E659AA04-4D74-4791-AA27-64268B0E7531}.Debug|Any CPU.Build.0 = Debug|Any CPU
		{E659AA04-4D74-4791-AA27-64268B0E7531}.Debug|ARM.ActiveCfg = Debug|Any CPU
		{E659AA04-4D74-4791-AA27-64268B0E7531}.Debug|ARM.Build.0 = Debug|Any CPU
		{E659AA04-4D74-4791-AA27-64268B0E7531}.Debug|ARM64.ActiveCfg = Debug|Any CPU
		{E659AA04-4D74-4791-AA27-64268B0E7531}.Debug|ARM64.Build.0 = Debug|Any CPU
		{E659AA04-4D74-4791-AA27-64268B0E7531}.Debug|x64.ActiveCfg = Debug|Any CPU
		{E659AA04-4D74-4791-AA27-64268B0E7531}.Debug|x64.Build.0 = Debug|Any CPU
		{E659AA04-4D74-4791-AA27-64268B0E7531}.Debug|x86.ActiveCfg = Debug|Any CPU
		{E659AA04-4D74-4791-AA27-64268B0E7531}.Debug|x86.Build.0 = Debug|Any CPU
		{E659AA04-4D74-4791-AA27-64268B0E7531}.Release|Any CPU.ActiveCfg = Release|Any CPU
		{E659AA04-4D74-4791-AA27-64268B0E7531}.Release|Any CPU.Build.0 = Release|Any CPU
		{E659AA04-4D74-4791-AA27-64268B0E7531}.Release|ARM.ActiveCfg = Release|Any CPU
		{E659AA04-4D74-4791-AA27-64268B0E7531}.Release|ARM.Build.0 = Release|Any CPU
		{E659AA04-4D74-4791-AA27-64268B0E7531}.Release|ARM64.ActiveCfg = Release|Any CPU
		{E659AA04-4D74-4791-AA27-64268B0E7531}.Release|ARM64.Build.0 = Release|Any CPU
		{E659AA04-4D74-4791-AA27-64268B0E7531}.Release|x64.ActiveCfg = Release|Any CPU
		{E659AA04-4D74-4791-AA27-64268B0E7531}.Release|x64.Build.0 = Release|Any CPU
		{E659AA04-4D74-4791-AA27-64268B0E7531}.Release|x86.ActiveCfg = Release|Any CPU
		{E659AA04-4D74-4791-AA27-64268B0E7531}.Release|x86.Build.0 = Release|Any CPU
		{5B55C510-F9A4-4073-874D-CFD6805287CA}.Debug|Any CPU.ActiveCfg = Debug|x86
		{5B55C510-F9A4-4073-874D-CFD6805287CA}.Debug|ARM.ActiveCfg = Debug|ARM
		{5B55C510-F9A4-4073-874D-CFD6805287CA}.Debug|ARM.Build.0 = Debug|ARM
		{5B55C510-F9A4-4073-874D-CFD6805287CA}.Debug|ARM.Deploy.0 = Debug|ARM
		{5B55C510-F9A4-4073-874D-CFD6805287CA}.Debug|ARM64.ActiveCfg = Debug|x86
		{5B55C510-F9A4-4073-874D-CFD6805287CA}.Debug|x64.ActiveCfg = Debug|x64
		{5B55C510-F9A4-4073-874D-CFD6805287CA}.Debug|x64.Build.0 = Debug|x64
		{5B55C510-F9A4-4073-874D-CFD6805287CA}.Debug|x64.Deploy.0 = Debug|x64
		{5B55C510-F9A4-4073-874D-CFD6805287CA}.Debug|x86.ActiveCfg = Debug|x86
		{5B55C510-F9A4-4073-874D-CFD6805287CA}.Debug|x86.Build.0 = Debug|x86
		{5B55C510-F9A4-4073-874D-CFD6805287CA}.Debug|x86.Deploy.0 = Debug|x86
		{5B55C510-F9A4-4073-874D-CFD6805287CA}.Release|Any CPU.ActiveCfg = Release|x86
		{5B55C510-F9A4-4073-874D-CFD6805287CA}.Release|ARM.ActiveCfg = Release|ARM
		{5B55C510-F9A4-4073-874D-CFD6805287CA}.Release|ARM.Build.0 = Release|ARM
		{5B55C510-F9A4-4073-874D-CFD6805287CA}.Release|ARM.Deploy.0 = Release|ARM
		{5B55C510-F9A4-4073-874D-CFD6805287CA}.Release|ARM64.ActiveCfg = Release|x86
		{5B55C510-F9A4-4073-874D-CFD6805287CA}.Release|x64.ActiveCfg = Release|x64
		{5B55C510-F9A4-4073-874D-CFD6805287CA}.Release|x64.Build.0 = Release|x64
		{5B55C510-F9A4-4073-874D-CFD6805287CA}.Release|x64.Deploy.0 = Release|x64
		{5B55C510-F9A4-4073-874D-CFD6805287CA}.Release|x86.ActiveCfg = Release|x86
		{5B55C510-F9A4-4073-874D-CFD6805287CA}.Release|x86.Build.0 = Release|x86
		{5B55C510-F9A4-4073-874D-CFD6805287CA}.Release|x86.Deploy.0 = Release|x86
	EndGlobalSection
	GlobalSection(SolutionProperties) = preSolution
		HideSolutionNode = FALSE
	EndGlobalSection
	GlobalSection(ExtensibilityGlobals) = postSolution
		SolutionGuid = {052BFEAF-B183-4EE7-B98A-F8FD27195F91}
	EndGlobalSection
EndGlobal
