
Microsoft Visual Studio Solution File, Format Version 12.00
# Visual Studio 15
VisualStudioVersion = 15.0.28307.168
MinimumVisualStudioVersion = 10.0.40219.1
Project("{FAE04EC0-301F-11D3-BF4B-00C04F79EFBC}") = "TaskList", "TaskList\TaskList.csproj", "{01065DF8-BA8C-41D5-B436-B249A5E1FAF2}"
EndProject
Project("{9A19103F-16F7-4668-BE54-9A1E7A4F7556}") = "TaskList.DataModel", "TaskList.DataModel\TaskList.DataModel.csproj", "{65FB1933-BDF1-49CE-9939-DBCF3F67BDD0}"
EndProject
Project("{9A19103F-16F7-4668-BE54-9A1E7A4F7556}") = "TaskList.Interface", "TaskList.Interface\TaskList.Interface\TaskList.Interface.csproj", "{816B597C-CF88-4239-8E3E-B45E40A1EA56}"
EndProject
Project("{9A19103F-16F7-4668-BE54-9A1E7A4F7556}") = "TaskList.Model", "TaskList.Model\TaskList.Model.csproj", "{EEF4B07D-5A8D-4CDD-8E74-015EAAB51AB5}"
EndProject
Project("{FAE04EC0-301F-11D3-BF4B-00C04F79EFBC}") = "TaskList.Servise", "TaskList.Servise\TaskList.Servise\TaskList.Servise.csproj", "{5AB912D0-B39D-4324-AEB5-03B0D3013B60}"
EndProject
Project("{9A19103F-16F7-4668-BE54-9A1E7A4F7556}") = "TaskList.Data", "..\..\fls-practice-dec-20186\UWP\TaskList.Data\TaskList.Data\TaskList.Data.csproj", "{5E592DDA-BFC2-4998-BFFC-5FEAC89BA813}"
EndProject
Global
	GlobalSection(SolutionConfigurationPlatforms) = preSolution
		Debug|Any CPU = Debug|Any CPU
		Debug|ARM = Debug|ARM
		Debug|ARM64 = Debug|ARM64
		Debug|x64 = Debug|x64
		Debug|x86 = Debug|x86
		Release|Any CPU = Release|Any CPU
		Release|ARM = Release|ARM
		Release|ARM64 = Release|ARM64
		Release|x64 = Release|x64
		Release|x86 = Release|x86
	EndGlobalSection
	GlobalSection(ProjectConfigurationPlatforms) = postSolution
		{01065DF8-BA8C-41D5-B436-B249A5E1FAF2}.Debug|Any CPU.ActiveCfg = Debug|x86
		{01065DF8-BA8C-41D5-B436-B249A5E1FAF2}.Debug|ARM.ActiveCfg = Debug|x86
		{01065DF8-BA8C-41D5-B436-B249A5E1FAF2}.Debug|ARM.Build.0 = Debug|x86
		{01065DF8-BA8C-41D5-B436-B249A5E1FAF2}.Debug|ARM.Deploy.0 = Debug|x86
		{01065DF8-BA8C-41D5-B436-B249A5E1FAF2}.Debug|ARM64.ActiveCfg = Debug|ARM64
		{01065DF8-BA8C-41D5-B436-B249A5E1FAF2}.Debug|ARM64.Build.0 = Debug|ARM64
		{01065DF8-BA8C-41D5-B436-B249A5E1FAF2}.Debug|ARM64.Deploy.0 = Debug|ARM64
		{01065DF8-BA8C-41D5-B436-B249A5E1FAF2}.Debug|x64.ActiveCfg = Debug|x64
		{01065DF8-BA8C-41D5-B436-B249A5E1FAF2}.Debug|x64.Build.0 = Debug|x64
		{01065DF8-BA8C-41D5-B436-B249A5E1FAF2}.Debug|x64.Deploy.0 = Debug|x64
		{01065DF8-BA8C-41D5-B436-B249A5E1FAF2}.Debug|x86.ActiveCfg = Debug|x86
		{01065DF8-BA8C-41D5-B436-B249A5E1FAF2}.Debug|x86.Build.0 = Debug|x86
		{01065DF8-BA8C-41D5-B436-B249A5E1FAF2}.Debug|x86.Deploy.0 = Debug|x86
		{01065DF8-BA8C-41D5-B436-B249A5E1FAF2}.Release|Any CPU.ActiveCfg = Release|x86
		{01065DF8-BA8C-41D5-B436-B249A5E1FAF2}.Release|ARM.ActiveCfg = Release|ARM
		{01065DF8-BA8C-41D5-B436-B249A5E1FAF2}.Release|ARM.Build.0 = Release|ARM
		{01065DF8-BA8C-41D5-B436-B249A5E1FAF2}.Release|ARM.Deploy.0 = Release|ARM
		{01065DF8-BA8C-41D5-B436-B249A5E1FAF2}.Release|ARM64.ActiveCfg = Release|ARM64
		{01065DF8-BA8C-41D5-B436-B249A5E1FAF2}.Release|ARM64.Build.0 = Release|ARM64
		{01065DF8-BA8C-41D5-B436-B249A5E1FAF2}.Release|ARM64.Deploy.0 = Release|ARM64
		{01065DF8-BA8C-41D5-B436-B249A5E1FAF2}.Release|x64.ActiveCfg = Release|x64
		{01065DF8-BA8C-41D5-B436-B249A5E1FAF2}.Release|x64.Build.0 = Release|x64
		{01065DF8-BA8C-41D5-B436-B249A5E1FAF2}.Release|x64.Deploy.0 = Release|x64
		{01065DF8-BA8C-41D5-B436-B249A5E1FAF2}.Release|x86.ActiveCfg = Release|x86
		{01065DF8-BA8C-41D5-B436-B249A5E1FAF2}.Release|x86.Build.0 = Release|x86
		{01065DF8-BA8C-41D5-B436-B249A5E1FAF2}.Release|x86.Deploy.0 = Release|x86
		{65FB1933-BDF1-49CE-9939-DBCF3F67BDD0}.Debug|Any CPU.ActiveCfg = Debug|Any CPU
		{65FB1933-BDF1-49CE-9939-DBCF3F67BDD0}.Debug|Any CPU.Build.0 = Debug|Any CPU
		{65FB1933-BDF1-49CE-9939-DBCF3F67BDD0}.Debug|ARM.ActiveCfg = Debug|Any CPU
		{65FB1933-BDF1-49CE-9939-DBCF3F67BDD0}.Debug|ARM.Build.0 = Debug|Any CPU
		{65FB1933-BDF1-49CE-9939-DBCF3F67BDD0}.Debug|ARM64.ActiveCfg = Debug|Any CPU
		{65FB1933-BDF1-49CE-9939-DBCF3F67BDD0}.Debug|ARM64.Build.0 = Debug|Any CPU
		{65FB1933-BDF1-49CE-9939-DBCF3F67BDD0}.Debug|x64.ActiveCfg = Debug|Any CPU
		{65FB1933-BDF1-49CE-9939-DBCF3F67BDD0}.Debug|x64.Build.0 = Debug|Any CPU
		{65FB1933-BDF1-49CE-9939-DBCF3F67BDD0}.Debug|x86.ActiveCfg = Debug|Any CPU
		{65FB1933-BDF1-49CE-9939-DBCF3F67BDD0}.Debug|x86.Build.0 = Debug|Any CPU
		{65FB1933-BDF1-49CE-9939-DBCF3F67BDD0}.Release|Any CPU.ActiveCfg = Release|Any CPU
		{65FB1933-BDF1-49CE-9939-DBCF3F67BDD0}.Release|Any CPU.Build.0 = Release|Any CPU
		{65FB1933-BDF1-49CE-9939-DBCF3F67BDD0}.Release|ARM.ActiveCfg = Release|Any CPU
		{65FB1933-BDF1-49CE-9939-DBCF3F67BDD0}.Release|ARM.Build.0 = Release|Any CPU
		{65FB1933-BDF1-49CE-9939-DBCF3F67BDD0}.Release|ARM64.ActiveCfg = Release|Any CPU
		{65FB1933-BDF1-49CE-9939-DBCF3F67BDD0}.Release|ARM64.Build.0 = Release|Any CPU
		{65FB1933-BDF1-49CE-9939-DBCF3F67BDD0}.Release|x64.ActiveCfg = Release|Any CPU
		{65FB1933-BDF1-49CE-9939-DBCF3F67BDD0}.Release|x64.Build.0 = Release|Any CPU
		{65FB1933-BDF1-49CE-9939-DBCF3F67BDD0}.Release|x86.ActiveCfg = Release|Any CPU
		{65FB1933-BDF1-49CE-9939-DBCF3F67BDD0}.Release|x86.Build.0 = Release|Any CPU
		{816B597C-CF88-4239-8E3E-B45E40A1EA56}.Debug|Any CPU.ActiveCfg = Debug|Any CPU
		{816B597C-CF88-4239-8E3E-B45E40A1EA56}.Debug|Any CPU.Build.0 = Debug|Any CPU
		{816B597C-CF88-4239-8E3E-B45E40A1EA56}.Debug|ARM.ActiveCfg = Debug|Any CPU
		{816B597C-CF88-4239-8E3E-B45E40A1EA56}.Debug|ARM.Build.0 = Debug|Any CPU
		{816B597C-CF88-4239-8E3E-B45E40A1EA56}.Debug|ARM64.ActiveCfg = Debug|Any CPU
		{816B597C-CF88-4239-8E3E-B45E40A1EA56}.Debug|ARM64.Build.0 = Debug|Any CPU
		{816B597C-CF88-4239-8E3E-B45E40A1EA56}.Debug|x64.ActiveCfg = Debug|Any CPU
		{816B597C-CF88-4239-8E3E-B45E40A1EA56}.Debug|x64.Build.0 = Debug|Any CPU
		{816B597C-CF88-4239-8E3E-B45E40A1EA56}.Debug|x86.ActiveCfg = Debug|Any CPU
		{816B597C-CF88-4239-8E3E-B45E40A1EA56}.Debug|x86.Build.0 = Debug|Any CPU
		{816B597C-CF88-4239-8E3E-B45E40A1EA56}.Release|Any CPU.ActiveCfg = Release|Any CPU
		{816B597C-CF88-4239-8E3E-B45E40A1EA56}.Release|Any CPU.Build.0 = Release|Any CPU
		{816B597C-CF88-4239-8E3E-B45E40A1EA56}.Release|ARM.ActiveCfg = Release|Any CPU
		{816B597C-CF88-4239-8E3E-B45E40A1EA56}.Release|ARM.Build.0 = Release|Any CPU
		{816B597C-CF88-4239-8E3E-B45E40A1EA56}.Release|ARM64.ActiveCfg = Release|Any CPU
		{816B597C-CF88-4239-8E3E-B45E40A1EA56}.Release|ARM64.Build.0 = Release|Any CPU
		{816B597C-CF88-4239-8E3E-B45E40A1EA56}.Release|x64.ActiveCfg = Release|Any CPU
		{816B597C-CF88-4239-8E3E-B45E40A1EA56}.Release|x64.Build.0 = Release|Any CPU
		{816B597C-CF88-4239-8E3E-B45E40A1EA56}.Release|x86.ActiveCfg = Release|Any CPU
		{816B597C-CF88-4239-8E3E-B45E40A1EA56}.Release|x86.Build.0 = Release|Any CPU
		{EEF4B07D-5A8D-4CDD-8E74-015EAAB51AB5}.Debug|Any CPU.ActiveCfg = Debug|Any CPU
		{EEF4B07D-5A8D-4CDD-8E74-015EAAB51AB5}.Debug|Any CPU.Build.0 = Debug|Any CPU
		{EEF4B07D-5A8D-4CDD-8E74-015EAAB51AB5}.Debug|ARM.ActiveCfg = Debug|Any CPU
		{EEF4B07D-5A8D-4CDD-8E74-015EAAB51AB5}.Debug|ARM.Build.0 = Debug|Any CPU
		{EEF4B07D-5A8D-4CDD-8E74-015EAAB51AB5}.Debug|ARM64.ActiveCfg = Debug|Any CPU
		{EEF4B07D-5A8D-4CDD-8E74-015EAAB51AB5}.Debug|ARM64.Build.0 = Debug|Any CPU
		{EEF4B07D-5A8D-4CDD-8E74-015EAAB51AB5}.Debug|x64.ActiveCfg = Debug|Any CPU
		{EEF4B07D-5A8D-4CDD-8E74-015EAAB51AB5}.Debug|x64.Build.0 = Debug|Any CPU
		{EEF4B07D-5A8D-4CDD-8E74-015EAAB51AB5}.Debug|x86.ActiveCfg = Debug|Any CPU
		{EEF4B07D-5A8D-4CDD-8E74-015EAAB51AB5}.Debug|x86.Build.0 = Debug|Any CPU
		{EEF4B07D-5A8D-4CDD-8E74-015EAAB51AB5}.Release|Any CPU.ActiveCfg = Release|Any CPU
		{EEF4B07D-5A8D-4CDD-8E74-015EAAB51AB5}.Release|Any CPU.Build.0 = Release|Any CPU
		{EEF4B07D-5A8D-4CDD-8E74-015EAAB51AB5}.Release|ARM.ActiveCfg = Release|Any CPU
		{EEF4B07D-5A8D-4CDD-8E74-015EAAB51AB5}.Release|ARM.Build.0 = Release|Any CPU
		{EEF4B07D-5A8D-4CDD-8E74-015EAAB51AB5}.Release|ARM64.ActiveCfg = Release|Any CPU
		{EEF4B07D-5A8D-4CDD-8E74-015EAAB51AB5}.Release|ARM64.Build.0 = Release|Any CPU
		{EEF4B07D-5A8D-4CDD-8E74-015EAAB51AB5}.Release|x64.ActiveCfg = Release|Any CPU
		{EEF4B07D-5A8D-4CDD-8E74-015EAAB51AB5}.Release|x64.Build.0 = Release|Any CPU
		{EEF4B07D-5A8D-4CDD-8E74-015EAAB51AB5}.Release|x86.ActiveCfg = Release|Any CPU
		{EEF4B07D-5A8D-4CDD-8E74-015EAAB51AB5}.Release|x86.Build.0 = Release|Any CPU
		{5AB912D0-B39D-4324-AEB5-03B0D3013B60}.Debug|Any CPU.ActiveCfg = Debug|Any CPU
		{5AB912D0-B39D-4324-AEB5-03B0D3013B60}.Debug|Any CPU.Build.0 = Debug|Any CPU
		{5AB912D0-B39D-4324-AEB5-03B0D3013B60}.Debug|ARM.ActiveCfg = Debug|ARM
		{5AB912D0-B39D-4324-AEB5-03B0D3013B60}.Debug|ARM.Build.0 = Debug|ARM
		{5AB912D0-B39D-4324-AEB5-03B0D3013B60}.Debug|ARM64.ActiveCfg = Debug|ARM64
		{5AB912D0-B39D-4324-AEB5-03B0D3013B60}.Debug|ARM64.Build.0 = Debug|ARM64
		{5AB912D0-B39D-4324-AEB5-03B0D3013B60}.Debug|x64.ActiveCfg = Debug|x64
		{5AB912D0-B39D-4324-AEB5-03B0D3013B60}.Debug|x64.Build.0 = Debug|x64
		{5AB912D0-B39D-4324-AEB5-03B0D3013B60}.Debug|x86.ActiveCfg = Debug|x86
		{5AB912D0-B39D-4324-AEB5-03B0D3013B60}.Debug|x86.Build.0 = Debug|x86
		{5AB912D0-B39D-4324-AEB5-03B0D3013B60}.Release|Any CPU.ActiveCfg = Release|Any CPU
		{5AB912D0-B39D-4324-AEB5-03B0D3013B60}.Release|Any CPU.Build.0 = Release|Any CPU
		{5AB912D0-B39D-4324-AEB5-03B0D3013B60}.Release|ARM.ActiveCfg = Release|ARM
		{5AB912D0-B39D-4324-AEB5-03B0D3013B60}.Release|ARM.Build.0 = Release|ARM
		{5AB912D0-B39D-4324-AEB5-03B0D3013B60}.Release|ARM64.ActiveCfg = Release|ARM64
		{5AB912D0-B39D-4324-AEB5-03B0D3013B60}.Release|ARM64.Build.0 = Release|ARM64
		{5AB912D0-B39D-4324-AEB5-03B0D3013B60}.Release|x64.ActiveCfg = Release|x64
		{5AB912D0-B39D-4324-AEB5-03B0D3013B60}.Release|x64.Build.0 = Release|x64
		{5AB912D0-B39D-4324-AEB5-03B0D3013B60}.Release|x86.ActiveCfg = Release|x86
		{5AB912D0-B39D-4324-AEB5-03B0D3013B60}.Release|x86.Build.0 = Release|x86
		{5E592DDA-BFC2-4998-BFFC-5FEAC89BA813}.Debug|Any CPU.ActiveCfg = Debug|Any CPU
		{5E592DDA-BFC2-4998-BFFC-5FEAC89BA813}.Debug|Any CPU.Build.0 = Debug|Any CPU
		{5E592DDA-BFC2-4998-BFFC-5FEAC89BA813}.Debug|ARM.ActiveCfg = Debug|Any CPU
		{5E592DDA-BFC2-4998-BFFC-5FEAC89BA813}.Debug|ARM.Build.0 = Debug|Any CPU
		{5E592DDA-BFC2-4998-BFFC-5FEAC89BA813}.Debug|ARM64.ActiveCfg = Debug|Any CPU
		{5E592DDA-BFC2-4998-BFFC-5FEAC89BA813}.Debug|ARM64.Build.0 = Debug|Any CPU
		{5E592DDA-BFC2-4998-BFFC-5FEAC89BA813}.Debug|x64.ActiveCfg = Debug|Any CPU
		{5E592DDA-BFC2-4998-BFFC-5FEAC89BA813}.Debug|x64.Build.0 = Debug|Any CPU
		{5E592DDA-BFC2-4998-BFFC-5FEAC89BA813}.Debug|x86.ActiveCfg = Debug|Any CPU
		{5E592DDA-BFC2-4998-BFFC-5FEAC89BA813}.Debug|x86.Build.0 = Debug|Any CPU
		{5E592DDA-BFC2-4998-BFFC-5FEAC89BA813}.Release|Any CPU.ActiveCfg = Release|Any CPU
		{5E592DDA-BFC2-4998-BFFC-5FEAC89BA813}.Release|Any CPU.Build.0 = Release|Any CPU
		{5E592DDA-BFC2-4998-BFFC-5FEAC89BA813}.Release|ARM.ActiveCfg = Release|Any CPU
		{5E592DDA-BFC2-4998-BFFC-5FEAC89BA813}.Release|ARM.Build.0 = Release|Any CPU
		{5E592DDA-BFC2-4998-BFFC-5FEAC89BA813}.Release|ARM64.ActiveCfg = Release|Any CPU
		{5E592DDA-BFC2-4998-BFFC-5FEAC89BA813}.Release|ARM64.Build.0 = Release|Any CPU
		{5E592DDA-BFC2-4998-BFFC-5FEAC89BA813}.Release|x64.ActiveCfg = Release|Any CPU
		{5E592DDA-BFC2-4998-BFFC-5FEAC89BA813}.Release|x64.Build.0 = Release|Any CPU
		{5E592DDA-BFC2-4998-BFFC-5FEAC89BA813}.Release|x86.ActiveCfg = Release|Any CPU
		{5E592DDA-BFC2-4998-BFFC-5FEAC89BA813}.Release|x86.Build.0 = Release|Any CPU
	EndGlobalSection
	GlobalSection(SolutionProperties) = preSolution
		HideSolutionNode = FALSE
	EndGlobalSection
	GlobalSection(ExtensibilityGlobals) = postSolution
		SolutionGuid = {052BFEAF-B183-4EE7-B98A-F8FD27195F91}
	EndGlobalSection
EndGlobal
