
Microsoft Visual Studio Solution File, Format Version 12.00
# Visual Studio 15
VisualStudioVersion = 15.0.28307.168
MinimumVisualStudioVersion = 10.0.40219.1
Project("{FAE04EC0-301F-11D3-BF4B-00C04F79EFBC}") = "TaskList.View", "TaskList.View\TaskList.View.csproj", "{871D091A-29DD-44C8-87A1-F4997278D172}"
EndProject
Global
	GlobalSection(SolutionConfigurationPlatforms) = preSolution
		Debug|Any CPU = Debug|Any CPU
		Release|Any CPU = Release|Any CPU
	EndGlobalSection
	GlobalSection(ProjectConfigurationPlatforms) = postSolution
		{871D091A-29DD-44C8-87A1-F4997278D172}.Debug|Any CPU.ActiveCfg = Debug|Any CPU
		{871D091A-29DD-44C8-87A1-F4997278D172}.Debug|Any CPU.Build.0 = Debug|Any CPU
		{871D091A-29DD-44C8-87A1-F4997278D172}.Release|Any CPU.ActiveCfg = Release|Any CPU
		{871D091A-29DD-44C8-87A1-F4997278D172}.Release|Any CPU.Build.0 = Release|Any CPU
	EndGlobalSection
	GlobalSection(SolutionProperties) = preSolution
		HideSolutionNode = FALSE
	EndGlobalSection
	GlobalSection(ExtensibilityGlobals) = postSolution
		SolutionGuid = {E00E7088-C91E-404A-9048-758BE139A26C}
	EndGlobalSection
EndGlobal
